
Microsoft Visual Studio Solution File, Format Version 12.00
# Visual Studio Version 17
VisualStudioVersion = 17.7.34221.43
MinimumVisualStudioVersion = 10.0.40219.1
Project("{FAE04EC0-301F-11D3-BF4B-00C04F79EFBC}") = "FlatPhysicsTester", "FlatPhysicsTester\FlatPhysicsTester.csproj", "{9BFC9CA8-DB77-4BF2-9844-A84746201CF6}"
EndProject
Project("{FAE04EC0-301F-11D3-BF4B-00C04F79EFBC}") = "Flat", "Flat\Flat.csproj", "{4732BB65-F4F6-4B49-8A2B-9D27EFCFE77A}"
EndProject
Global
	GlobalSection(SolutionConfigurationPlatforms) = preSolution
		Debug|Any CPU = Debug|Any CPU
		Release|Any CPU = Release|Any CPU
	EndGlobalSection
	GlobalSection(ProjectConfigurationPlatforms) = postSolution
		{9BFC9CA8-DB77-4BF2-9844-A84746201CF6}.Debug|Any CPU.ActiveCfg = Debug|Any CPU
		{9BFC9CA8-DB77-4BF2-9844-A84746201CF6}.Debug|Any CPU.Build.0 = Debug|Any CPU
		{9BFC9CA8-DB77-4BF2-9844-A84746201CF6}.Release|Any CPU.ActiveCfg = Release|Any CPU
		{9BFC9CA8-DB77-4BF2-9844-A84746201CF6}.Release|Any CPU.Build.0 = Release|Any CPU
		{4732BB65-F4F6-4B49-8A2B-9D27EFCFE77A}.Debug|Any CPU.ActiveCfg = Debug|Any CPU
		{4732BB65-F4F6-4B49-8A2B-9D27EFCFE77A}.Debug|Any CPU.Build.0 = Debug|Any CPU
		{4732BB65-F4F6-4B49-8A2B-9D27EFCFE77A}.Release|Any CPU.ActiveCfg = Release|Any CPU
		{4732BB65-F4F6-4B49-8A2B-9D27EFCFE77A}.Release|Any CPU.Build.0 = Release|Any CPU
	EndGlobalSection
	GlobalSection(SolutionProperties) = preSolution
		HideSolutionNode = FALSE
	EndGlobalSection
	GlobalSection(ExtensibilityGlobals) = postSolution
		SolutionGuid = {61B3DDBF-F0EF-44D7-9FCD-8D35D5126B79}
	EndGlobalSection
EndGlobal
